
Microsoft Visual Studio Solution File, Format Version 12.00
# Visual Studio Version 17
VisualStudioVersion = 17.11.35327.3
MinimumVisualStudioVersion = 10.0.40219.1
Project("{9A19103F-16F7-4668-BE54-9A1E7A4F7556}") = "FizzBuzz.UnitTests", "FizzBuzz\FizzBuzz.UnitTests.csproj", "{7F70D42B-4A69-4020-BB03-A32D82B3E19D}"
EndProject
Project("{FAE04EC0-301F-11D3-BF4B-00C04F79EFBC}") = "FizzBuzz.Logic", "FizzBuzz.Logic\FizzBuzz.Logic.csproj", "{0AD67E38-6471-4E2C-86C1-7627CE50F5FD}"
EndProject
Global
	GlobalSection(SolutionConfigurationPlatforms) = preSolution
		Debug|Any CPU = Debug|Any CPU
		Release|Any CPU = Release|Any CPU
	EndGlobalSection
	GlobalSection(ProjectConfigurationPlatforms) = postSolution
		{7F70D42B-4A69-4020-BB03-A32D82B3E19D}.Debug|Any CPU.ActiveCfg = Debug|Any CPU
		{7F70D42B-4A69-4020-BB03-A32D82B3E19D}.Debug|Any CPU.Build.0 = Debug|Any CPU
		{7F70D42B-4A69-4020-BB03-A32D82B3E19D}.Release|Any CPU.ActiveCfg = Release|Any CPU
		{7F70D42B-4A69-4020-BB03-A32D82B3E19D}.Release|Any CPU.Build.0 = Release|Any CPU
		{0AD67E38-6471-4E2C-86C1-7627CE50F5FD}.Debug|Any CPU.ActiveCfg = Debug|Any CPU
		{0AD67E38-6471-4E2C-86C1-7627CE50F5FD}.Debug|Any CPU.Build.0 = Debug|Any CPU
		{0AD67E38-6471-4E2C-86C1-7627CE50F5FD}.Release|Any CPU.ActiveCfg = Release|Any CPU
		{0AD67E38-6471-4E2C-86C1-7627CE50F5FD}.Release|Any CPU.Build.0 = Release|Any CPU
	EndGlobalSection
	GlobalSection(SolutionProperties) = preSolution
		HideSolutionNode = FALSE
	EndGlobalSection
	GlobalSection(ExtensibilityGlobals) = postSolution
		SolutionGuid = {3A7EB7D7-88E1-46E0-9C94-FD91C73ED662}
	EndGlobalSection
EndGlobal
